
Microsoft Visual Studio Solution File, Format Version 12.00
# Visual Studio Version 16
VisualStudioVersion = 16.0.29926.136
MinimumVisualStudioVersion = 10.0.40219.1
Project("{9A19103F-16F7-4668-BE54-9A1E7A4F7556}") = "WebLabs", "WebLabs\WebLabs.csproj", "{26D1FAFA-28C8-4988-8090-0BF95F29996A}"
EndProject
Project("{9A19103F-16F7-4668-BE54-9A1E7A4F7556}") = "WebLabs.DAL", "WebLabs.DAL\WebLabs.DAL.csproj", "{308812C1-1883-44D1-BE17-7BE7A34001DB}"
EndProject
Project("{9A19103F-16F7-4668-BE54-9A1E7A4F7556}") = "WebLabs.Test", "WebLabs.Test\WebLabs.Test.csproj", "{77064CF5-8AF6-4CBB-BD3E-D4D7B3D3C057}"
EndProject
Global
	GlobalSection(SolutionConfigurationPlatforms) = preSolution
		Debug|Any CPU = Debug|Any CPU
		Release|Any CPU = Release|Any CPU
	EndGlobalSection
	GlobalSection(ProjectConfigurationPlatforms) = postSolution
		{26D1FAFA-28C8-4988-8090-0BF95F29996A}.Debug|Any CPU.ActiveCfg = Debug|Any CPU
		{26D1FAFA-28C8-4988-8090-0BF95F29996A}.Debug|Any CPU.Build.0 = Debug|Any CPU
		{26D1FAFA-28C8-4988-8090-0BF95F29996A}.Release|Any CPU.ActiveCfg = Release|Any CPU
		{26D1FAFA-28C8-4988-8090-0BF95F29996A}.Release|Any CPU.Build.0 = Release|Any CPU
		{308812C1-1883-44D1-BE17-7BE7A34001DB}.Debug|Any CPU.ActiveCfg = Debug|Any CPU
		{308812C1-1883-44D1-BE17-7BE7A34001DB}.Debug|Any CPU.Build.0 = Debug|Any CPU
		{308812C1-1883-44D1-BE17-7BE7A34001DB}.Release|Any CPU.ActiveCfg = Release|Any CPU
		{308812C1-1883-44D1-BE17-7BE7A34001DB}.Release|Any CPU.Build.0 = Release|Any CPU
		{77064CF5-8AF6-4CBB-BD3E-D4D7B3D3C057}.Debug|Any CPU.ActiveCfg = Debug|Any CPU
		{77064CF5-8AF6-4CBB-BD3E-D4D7B3D3C057}.Debug|Any CPU.Build.0 = Debug|Any CPU
		{77064CF5-8AF6-4CBB-BD3E-D4D7B3D3C057}.Release|Any CPU.ActiveCfg = Release|Any CPU
		{77064CF5-8AF6-4CBB-BD3E-D4D7B3D3C057}.Release|Any CPU.Build.0 = Release|Any CPU
	EndGlobalSection
	GlobalSection(SolutionProperties) = preSolution
		HideSolutionNode = FALSE
	EndGlobalSection
	GlobalSection(ExtensibilityGlobals) = postSolution
		SolutionGuid = {F598291F-0FD4-454B-80A3-9962B9CD1426}
	EndGlobalSection
EndGlobal
